// !$*UTF8*$!
{
	archiveVersion = 1;
	classes = {
	};
	objectVersion = 46;
	objects = {

/* Begin PBXBuildFile section */
		B6875E121A47175E007B1147 /* AppDelegate.swift in Sources */ = {isa = PBXBuildFile; fileRef = B6875E111A47175E007B1147 /* AppDelegate.swift */; };
		B6875E141A47175E007B1147 /* ViewController.swift in Sources */ = {isa = PBXBuildFile; fileRef = B6875E131A47175E007B1147 /* ViewController.swift */; };
		B6875E171A47175E007B1147 /* Main.storyboard in Resources */ = {isa = PBXBuildFile; fileRef = B6875E151A47175E007B1147 /* Main.storyboard */; };
		B6875E191A47175E007B1147 /* Images.xcassets in Resources */ = {isa = PBXBuildFile; fileRef = B6875E181A47175E007B1147 /* Images.xcassets */; };
		B6875E1C1A47175E007B1147 /* LaunchScreen.xib in Resources */ = {isa = PBXBuildFile; fileRef = B6875E1A1A47175E007B1147 /* LaunchScreen.xib */; };
		B6875E281A47175E007B1147 /* StarWarsAnimatedTransitioningExampleTests.swift in Sources */ = {isa = PBXBuildFile; fileRef = B6875E271A47175E007B1147 /* StarWarsAnimatedTransitioningExampleTests.swift */; };
		B6875E321A4717D7007B1147 /* SecondViewController.swift in Sources */ = {isa = PBXBuildFile; fileRef = B6875E311A4717D7007B1147 /* SecondViewController.swift */; };
		B6875E351A47180B007B1147 /* StarWarsAnimatedTransitioning.swift in Sources */ = {isa = PBXBuildFile; fileRef = B6875E341A47180B007B1147 /* StarWarsAnimatedTransitioning.swift */; };
/* End PBXBuildFile section */

/* Begin PBXContainerItemProxy section */
		B6875E221A47175E007B1147 /* PBXContainerItemProxy */ = {
			isa = PBXContainerItemProxy;
			containerPortal = B6875E041A47175E007B1147 /* Project object */;
			proxyType = 1;
			remoteGlobalIDString = B6875E0B1A47175E007B1147;
			remoteInfo = StarWarsAnimatedTransitioningExample;
		};
/* End PBXContainerItemProxy section */

/* Begin PBXFileReference section */
		B6875E0C1A47175E007B1147 /* StarWarsAnimatedTransitioningExample.app */ = {isa = PBXFileReference; explicitFileType = wrapper.application; includeInIndex = 0; path = StarWarsAnimatedTransitioningExample.app; sourceTree = BUILT_PRODUCTS_DIR; };
		B6875E101A47175E007B1147 /* Info.plist */ = {isa = PBXFileReference; lastKnownFileType = text.plist.xml; path = Info.plist; sourceTree = "<group>"; };
		B6875E111A47175E007B1147 /* AppDelegate.swift */ = {isa = PBXFileReference; lastKnownFileType = sourcecode.swift; path = AppDelegate.swift; sourceTree = "<group>"; };
		B6875E131A47175E007B1147 /* ViewController.swift */ = {isa = PBXFileReference; lastKnownFileType = sourcecode.swift; path = ViewController.swift; sourceTree = "<group>"; };
		B6875E161A47175E007B1147 /* Base */ = {isa = PBXFileReference; lastKnownFileType = file.storyboard; name = Base; path = Base.lproj/Main.storyboard; sourceTree = "<group>"; };
		B6875E181A47175E007B1147 /* Images.xcassets */ = {isa = PBXFileReference; lastKnownFileType = folder.assetcatalog; path = Images.xcassets; sourceTree = "<group>"; };
		B6875E1B1A47175E007B1147 /* Base */ = {isa = PBXFileReference; lastKnownFileType = file.xib; name = Base; path = Base.lproj/LaunchScreen.xib; sourceTree = "<group>"; };
		B6875E211A47175E007B1147 /* StarWarsAnimatedTransitioningExampleTests.xctest */ = {isa = PBXFileReference; explicitFileType = wrapper.cfbundle; includeInIndex = 0; path = StarWarsAnimatedTransitioningExampleTests.xctest; sourceTree = BUILT_PRODUCTS_DIR; };
		B6875E261A47175E007B1147 /* Info.plist */ = {isa = PBXFileReference; lastKnownFileType = text.plist.xml; path = Info.plist; sourceTree = "<group>"; };
		B6875E271A47175E007B1147 /* StarWarsAnimatedTransitioningExampleTests.swift */ = {isa = PBXFileReference; lastKnownFileType = sourcecode.swift; path = StarWarsAnimatedTransitioningExampleTests.swift; sourceTree = "<group>"; };
		B6875E311A4717D7007B1147 /* SecondViewController.swift */ = {isa = PBXFileReference; fileEncoding = 4; lastKnownFileType = sourcecode.swift; path = SecondViewController.swift; sourceTree = "<group>"; };
		B6875E341A47180B007B1147 /* StarWarsAnimatedTransitioning.swift */ = {isa = PBXFileReference; fileEncoding = 4; lastKnownFileType = sourcecode.swift; path = StarWarsAnimatedTransitioning.swift; sourceTree = "<group>"; };
/* End PBXFileReference section */

/* Begin PBXFrameworksBuildPhase section */
		B6875E091A47175E007B1147 /* Frameworks */ = {
			isa = PBXFrameworksBuildPhase;
			buildActionMask = 2147483647;
			files = (
			);
			runOnlyForDeploymentPostprocessing = 0;
		};
		B6875E1E1A47175E007B1147 /* Frameworks */ = {
			isa = PBXFrameworksBuildPhase;
			buildActionMask = 2147483647;
			files = (
			);
			runOnlyForDeploymentPostprocessing = 0;
		};
/* End PBXFrameworksBuildPhase section */

/* Begin PBXGroup section */
		B6875E031A47175E007B1147 = {
			isa = PBXGroup;
			children = (
				B6875E331A47180B007B1147 /* StarWarsAnimatedTransitioning */,
				B6875E0E1A47175E007B1147 /* StarWarsAnimatedTransitioningExample */,
				B6875E241A47175E007B1147 /* StarWarsAnimatedTransitioningExampleTests */,
				B6875E0D1A47175E007B1147 /* Products */,
			);
			sourceTree = "<group>";
		};
		B6875E0D1A47175E007B1147 /* Products */ = {
			isa = PBXGroup;
			children = (
				B6875E0C1A47175E007B1147 /* StarWarsAnimatedTransitioningExample.app */,
				B6875E211A47175E007B1147 /* StarWarsAnimatedTransitioningExampleTests.xctest */,
			);
			name = Products;
			sourceTree = "<group>";
		};
		B6875E0E1A47175E007B1147 /* StarWarsAnimatedTransitioningExample */ = {
			isa = PBXGroup;
			children = (
				B6875E111A47175E007B1147 /* AppDelegate.swift */,
				B6875E131A47175E007B1147 /* ViewController.swift */,
				B6875E311A4717D7007B1147 /* SecondViewController.swift */,
				B6875E151A47175E007B1147 /* Main.storyboard */,
				B6875E181A47175E007B1147 /* Images.xcassets */,
				B6875E1A1A47175E007B1147 /* LaunchScreen.xib */,
				B6875E0F1A47175E007B1147 /* Supporting Files */,
			);
			path = StarWarsAnimatedTransitioningExample;
			sourceTree = "<group>";
		};
		B6875E0F1A47175E007B1147 /* Supporting Files */ = {
			isa = PBXGroup;
			children = (
				B6875E101A47175E007B1147 /* Info.plist */,
			);
			name = "Supporting Files";
			sourceTree = "<group>";
		};
		B6875E241A47175E007B1147 /* StarWarsAnimatedTransitioningExampleTests */ = {
			isa = PBXGroup;
			children = (
				B6875E271A47175E007B1147 /* StarWarsAnimatedTransitioningExampleTests.swift */,
				B6875E251A47175E007B1147 /* Supporting Files */,
			);
			path = StarWarsAnimatedTransitioningExampleTests;
			sourceTree = "<group>";
		};
		B6875E251A47175E007B1147 /* Supporting Files */ = {
			isa = PBXGroup;
			children = (
				B6875E261A47175E007B1147 /* Info.plist */,
			);
			name = "Supporting Files";
			sourceTree = "<group>";
		};
		B6875E331A47180B007B1147 /* StarWarsAnimatedTransitioning */ = {
			isa = PBXGroup;
			children = (
				B6875E341A47180B007B1147 /* StarWarsAnimatedTransitioning.swift */,
			);
			name = StarWarsAnimatedTransitioning;
			path = ../StarWarsAnimatedTransitioning;
			sourceTree = "<group>";
		};
/* End PBXGroup section */

/* Begin PBXNativeTarget section */
		B6875E0B1A47175E007B1147 /* StarWarsAnimatedTransitioningExample */ = {
			isa = PBXNativeTarget;
			buildConfigurationList = B6875E2B1A47175E007B1147 /* Build configuration list for PBXNativeTarget "StarWarsAnimatedTransitioningExample" */;
			buildPhases = (
				B6875E081A47175E007B1147 /* Sources */,
				B6875E091A47175E007B1147 /* Frameworks */,
				B6875E0A1A47175E007B1147 /* Resources */,
			);
			buildRules = (
			);
			dependencies = (
			);
			name = StarWarsAnimatedTransitioningExample;
			productName = StarWarsAnimatedTransitioningExample;
			productReference = B6875E0C1A47175E007B1147 /* StarWarsAnimatedTransitioningExample.app */;
			productType = "com.apple.product-type.application";
		};
		B6875E201A47175E007B1147 /* StarWarsAnimatedTransitioningExampleTests */ = {
			isa = PBXNativeTarget;
			buildConfigurationList = B6875E2E1A47175E007B1147 /* Build configuration list for PBXNativeTarget "StarWarsAnimatedTransitioningExampleTests" */;
			buildPhases = (
				B6875E1D1A47175E007B1147 /* Sources */,
				B6875E1E1A47175E007B1147 /* Frameworks */,
				B6875E1F1A47175E007B1147 /* Resources */,
			);
			buildRules = (
			);
			dependencies = (
				B6875E231A47175E007B1147 /* PBXTargetDependency */,
			);
			name = StarWarsAnimatedTransitioningExampleTests;
			productName = StarWarsAnimatedTransitioningExampleTests;
			productReference = B6875E211A47175E007B1147 /* StarWarsAnimatedTransitioningExampleTests.xctest */;
			productType = "com.apple.product-type.bundle.unit-test";
		};
/* End PBXNativeTarget section */

/* Begin PBXProject section */
		B6875E041A47175E007B1147 /* Project object */ = {
			isa = PBXProject;
			attributes = {
				LastUpgradeCheck = 0610;
				ORGANIZATIONNAME = "Ivan Konov";
				TargetAttributes = {
					B6875E0B1A47175E007B1147 = {
						CreatedOnToolsVersion = 6.1.1;
					};
					B6875E201A47175E007B1147 = {
						CreatedOnToolsVersion = 6.1.1;
						TestTargetID = B6875E0B1A47175E007B1147;
					};
				};
			};
			buildConfigurationList = B6875E071A47175E007B1147 /* Build configuration list for PBXProject "StarWarsAnimatedTransitioningExample" */;
			compatibilityVersion = "Xcode 3.2";
			developmentRegion = English;
			hasScannedForEncodings = 0;
			knownRegions = (
				en,
				Base,
			);
			mainGroup = B6875E031A47175E007B1147;
			productRefGroup = B6875E0D1A47175E007B1147 /* Products */;
			projectDirPath = "";
			projectRoot = "";
			targets = (
				B6875E0B1A47175E007B1147 /* StarWarsAnimatedTransitioningExample */,
				B6875E201A47175E007B1147 /* StarWarsAnimatedTransitioningExampleTests */,
			);
		};
/* End PBXProject section */

/* Begin PBXResourcesBuildPhase section */
		B6875E0A1A47175E007B1147 /* Resources */ = {
			isa = PBXResourcesBuildPhase;
			buildActionMask = 2147483647;
			files = (
				B6875E171A47175E007B1147 /* Main.storyboard in Resources */,
				B6875E1C1A47175E007B1147 /* LaunchScreen.xib in Resources */,
				B6875E191A47175E007B1147 /* Images.xcassets in Resources */,
			);
			runOnlyForDeploymentPostprocessing = 0;
		};
		B6875E1F1A47175E007B1147 /* Resources */ = {
			isa = PBXResourcesBuildPhase;
			buildActionMask = 2147483647;
			files = (
			);
			runOnlyForDeploymentPostprocessing = 0;
		};
/* End PBXResourcesBuildPhase section */

/* Begin PBXSourcesBuildPhase section */
		B6875E081A47175E007B1147 /* Sources */ = {
			isa = PBXSourcesBuildPhase;
			buildActionMask = 2147483647;
			files = (
				B6875E321A4717D7007B1147 /* SecondViewController.swift in Sources */,
				B6875E351A47180B007B1147 /* StarWarsAnimatedTransitioning.swift in Sources */,
				B6875E141A47175E007B1147 /* ViewController.swift in Sources */,
				B6875E121A47175E007B1147 /* AppDelegate.swift in Sources */,
			);
			runOnlyForDeploymentPostprocessing = 0;
		};
		B6875E1D1A47175E007B1147 /* Sources */ = {
			isa = PBXSourcesBuildPhase;
			buildActionMask = 2147483647;
			files = (
				B6875E281A47175E007B1147 /* StarWarsAnimatedTransitioningExampleTests.swift in Sources */,
			);
			runOnlyForDeploymentPostprocessing = 0;
		};
/* End PBXSourcesBuildPhase section */

/* Begin PBXTargetDependency section */
		B6875E231A47175E007B1147 /* PBXTargetDependency */ = {
			isa = PBXTargetDependency;
			target = B6875E0B1A47175E007B1147 /* StarWarsAnimatedTransitioningExample */;
			targetProxy = B6875E221A47175E007B1147 /* PBXContainerItemProxy */;
		};
/* End PBXTargetDependency section */

/* Begin PBXVariantGroup section */
		B6875E151A47175E007B1147 /* Main.storyboard */ = {
			isa = PBXVariantGroup;
			children = (
				B6875E161A47175E007B1147 /* Base */,
			);
			name = Main.storyboard;
			sourceTree = "<group>";
		};
		B6875E1A1A47175E007B1147 /* LaunchScreen.xib */ = {
			isa = PBXVariantGroup;
			children = (
				B6875E1B1A47175E007B1147 /* Base */,
			);
			name = LaunchScreen.xib;
			sourceTree = "<group>";
		};
/* End PBXVariantGroup section */

/* Begin XCBuildConfiguration section */
		B6875E291A47175E007B1147 /* Debug */ = {
			isa = XCBuildConfiguration;
			buildSettings = {
				ALWAYS_SEARCH_USER_PATHS = NO;
				CLANG_CXX_LANGUAGE_STANDARD = "gnu++0x";
				CLANG_CXX_LIBRARY = "libc++";
				CLANG_ENABLE_MODULES = YES;
				CLANG_ENABLE_OBJC_ARC = YES;
				CLANG_WARN_BOOL_CONVERSION = YES;
				CLANG_WARN_CONSTANT_CONVERSION = YES;
				CLANG_WARN_DIRECT_OBJC_ISA_USAGE = YES_ERROR;
				CLANG_WARN_EMPTY_BODY = YES;
				CLANG_WARN_ENUM_CONVERSION = YES;
				CLANG_WARN_INT_CONVERSION = YES;
				CLANG_WARN_OBJC_ROOT_CLASS = YES_ERROR;
				CLANG_WARN_UNREACHABLE_CODE = YES;
				CLANG_WARN__DUPLICATE_METHOD_MATCH = YES;
				"CODE_SIGN_IDENTITY[sdk=iphoneos*]" = "iPhone Developer";
				COPY_PHASE_STRIP = NO;
				ENABLE_STRICT_OBJC_MSGSEND = YES;
				GCC_C_LANGUAGE_STANDARD = gnu99;
				GCC_DYNAMIC_NO_PIC = NO;
				GCC_OPTIMIZATION_LEVEL = 0;
				GCC_PREPROCESSOR_DEFINITIONS = (
					"DEBUG=1",
					"$(inherited)",
				);
				GCC_SYMBOLS_PRIVATE_EXTERN = NO;
				GCC_WARN_64_TO_32_BIT_CONVERSION = YES;
				GCC_WARN_ABOUT_RETURN_TYPE = YES_ERROR;
				GCC_WARN_UNDECLARED_SELECTOR = YES;
				GCC_WARN_UNINITIALIZED_AUTOS = YES_AGGRESSIVE;
				GCC_WARN_UNUSED_FUNCTION = YES;
				GCC_WARN_UNUSED_VARIABLE = YES;
				IPHONEOS_DEPLOYMENT_TARGET = 8.1;
				MTL_ENABLE_DEBUG_INFO = YES;
				ONLY_ACTIVE_ARCH = YES;
				SDKROOT = iphoneos;
				SWIFT_OPTIMIZATION_LEVEL = "-Onone";
			};
			name = Debug;
		};
		B6875E2A1A47175E007B1147 /* Release */ = {
			isa = XCBuildConfiguration;
			buildSettings = {
				ALWAYS_SEARCH_USER_PATHS = NO;
				CLANG_CXX_LANGUAGE_STANDARD = "gnu++0x";
				CLANG_CXX_LIBRARY = "libc++";
				CLANG_ENABLE_MODULES = YES;
				CLANG_ENABLE_OBJC_ARC = YES;
				CLANG_WARN_BOOL_CONVERSION = YES;
				CLANG_WARN_CONSTANT_CONVERSION = YES;
				CLANG_WARN_DIRECT_OBJC_ISA_USAGE = YES_ERROR;
				CLANG_WARN_EMPTY_BODY = YES;
				CLANG_WARN_ENUM_CONVERSION = YES;
				CLANG_WARN_INT_CONVERSION = YES;
				CLANG_WARN_OBJC_ROOT_CLASS = YES_ERROR;
				CLANG_WARN_UNREACHABLE_CODE = YES;
				CLANG_WARN__DUPLICATE_METHOD_MATCH = YES;
				"CODE_SIGN_IDENTITY[sdk=iphoneos*]" = "iPhone Developer";
				COPY_PHASE_STRIP = YES;
				ENABLE_NS_ASSERTIONS = NO;
				ENABLE_STRICT_OBJC_MSGSEND = YES;
				GCC_C_LANGUAGE_STANDARD = gnu99;
				GCC_WARN_64_TO_32_BIT_CONVERSION = YES;
				GCC_WARN_ABOUT_RETURN_TYPE = YES_ERROR;
				GCC_WARN_UNDECLARED_SELECTOR = YES;
				GCC_WARN_UNINITIALIZED_AUTOS = YES_AGGRESSIVE;
				GCC_WARN_UNUSED_FUNCTION = YES;
				GCC_WARN_UNUSED_VARIABLE = YES;
				IPHONEOS_DEPLOYMENT_TARGET = 8.1;
				MTL_ENABLE_DEBUG_INFO = NO;
				SDKROOT = iphoneos;
				VALIDATE_PRODUCT = YES;
			};
			name = Release;
		};
		B6875E2C1A47175E007B1147 /* Debug */ = {
			isa = XCBuildConfiguration;
			buildSettings = {
				ASSETCATALOG_COMPILER_APPICON_NAME = AppIcon;
				INFOPLIST_FILE = StarWarsAnimatedTransitioningExample/Info.plist;
				LD_RUNPATH_SEARCH_PATHS = "$(inherited) @executable_path/Frameworks";
				PRODUCT_NAME = "$(TARGET_NAME)";
			};
			name = Debug;
		};
		B6875E2D1A47175E007B1147 /* Release */ = {
			isa = XCBuildConfiguration;
			buildSettings = {
				ASSETCATALOG_COMPILER_APPICON_NAME = AppIcon;
				INFOPLIST_FILE = StarWarsAnimatedTransitioningExample/Info.plist;
				LD_RUNPATH_SEARCH_PATHS = "$(inherited) @executable_path/Frameworks";
				PRODUCT_NAME = "$(TARGET_NAME)";
			};
			name = Release;
		};
		B6875E2F1A47175E007B1147 /* Debug */ = {
			isa = XCBuildConfiguration;
			buildSettings = {
				BUNDLE_LOADER = "$(TEST_HOST)";
				FRAMEWORK_SEARCH_PATHS = (
					"$(SDKROOT)/Developer/Library/Frameworks",
					"$(inherited)",
				);
				GCC_PREPROCESSOR_DEFINITIONS = (
					"DEBUG=1",
					"$(inherited)",
				);
				INFOPLIST_FILE = StarWarsAnimatedTransitioningExampleTests/Info.plist;
				LD_RUNPATH_SEARCH_PATHS = "$(inherited) @executable_path/Frameworks @loader_path/Frameworks";
				PRODUCT_NAME = "$(TARGET_NAME)";
				TEST_HOST = "$(BUILT_PRODUCTS_DIR)/StarWarsAnimatedTransitioningExample.app/StarWarsAnimatedTransitioningExample";
			};
			name = Debug;
		};
		B6875E301A47175E007B1147 /* Release */ = {
			isa = XCBuildConfiguration;
			buildSettings = {
				BUNDLE_LOADER = "$(TEST_HOST)";
				FRAMEWORK_SEARCH_PATHS = (
					"$(SDKROOT)/Developer/Library/Frameworks",
					"$(inherited)",
				);
				INFOPLIST_FILE = StarWarsAnimatedTransitioningExampleTests/Info.plist;
				LD_RUNPATH_SEARCH_PATHS = "$(inherited) @executable_path/Frameworks @loader_path/Frameworks";
				PRODUCT_NAME = "$(TARGET_NAME)";
				TEST_HOST = "$(BUILT_PRODUCTS_DIR)/StarWarsAnimatedTransitioningExample.app/StarWarsAnimatedTransitioningExample";
			};
			name = Release;
		};
/* End XCBuildConfiguration section */

/* Begin XCConfigurationList section */
		B6875E071A47175E007B1147 /* Build configuration list for PBXProject "StarWarsAnimatedTransitioningExample" */ = {
			isa = XCConfigurationList;
			buildConfigurations = (
				B6875E291A47175E007B1147 /* Debug */,
				B6875E2A1A47175E007B1147 /* Release */,
			);
			defaultConfigurationIsVisible = 0;
			defaultConfigurationName = Release;
		};
		B6875E2B1A47175E007B1147 /* Build configuration list for PBXNativeTarget "StarWarsAnimatedTransitioningExample" */ = {
			isa = XCConfigurationList;
			buildConfigurations = (
				B6875E2C1A47175E007B1147 /* Debug */,
				B6875E2D1A47175E007B1147 /* Release */,
			);
			defaultConfigurationIsVisible = 0;
			defaultConfigurationName = Release;
		};
		B6875E2E1A47175E007B1147 /* Build configuration list for PBXNativeTarget "StarWarsAnimatedTransitioningExampleTests" */ = {
			isa = XCConfigurationList;
			buildConfigurations = (
				B6875E2F1A47175E007B1147 /* Debug */,
				B6875E301A47175E007B1147 /* Release */,
			);
			defaultConfigurationIsVisible = 0;
			defaultConfigurationName = Release;
		};
/* End XCConfigurationList section */
	};
	rootObject = B6875E041A47175E007B1147 /* Project object */;
}
